// !$*UTF8*$!
{
	archiveVersion = 1;
	classes = {
	};
	objectVersion = 77;
	objects = {

/* Begin PBXBuildFile section */
		AB2591BC2F57D02B001F97BF /* libsfml-system.3.0.2.dylib in Frameworks */ = {isa = PBXBuildFile; fileRef = AB2591B82F57D02B001F97BF /* libsfml-system.3.0.2.dylib */; };
		AB2591BD2F57D02B001F97BF /* libsfml-system.3.0.2.dylib in Embed Libraries */ = {isa = PBXBuildFile; fileRef = AB2591B82F57D02B001F97BF /* libsfml-system.3.0.2.dylib */; settings = {ATTRIBUTES = (CodeSignOnCopy, ); }; };
		AB2591BE2F57D02B001F97BF /* libsfml-audio.3.0.2.dylib in Frameworks */ = {isa = PBXBuildFile; fileRef = AB2591B92F57D02B001F97BF /* libsfml-audio.3.0.2.dylib */; };
		AB2591BF2F57D02B001F97BF /* libsfml-audio.3.0.2.dylib in Embed Libraries */ = {isa = PBXBuildFile; fileRef = AB2591B92F57D02B001F97BF /* libsfml-audio.3.0.2.dylib */; settings = {ATTRIBUTES = (CodeSignOnCopy, ); }; };
		AB2591C02F57D02B001F97BF /* libsfml-graphics.3.0.2.dylib in Frameworks */ = {isa = PBXBuildFile; fileRef = AB2591BA2F57D02B001F97BF /* libsfml-graphics.3.0.2.dylib */; };
		AB2591C12F57D02B001F97BF /* libsfml-graphics.3.0.2.dylib in Embed Libraries */ = {isa = PBXBuildFile; fileRef = AB2591BA2F57D02B001F97BF /* libsfml-graphics.3.0.2.dylib */; settings = {ATTRIBUTES = (CodeSignOnCopy, ); }; };
		AB2591C22F57D02B001F97BF /* libsfml-window.3.0.2.dylib in Frameworks */ = {isa = PBXBuildFile; fileRef = AB2591BB2F57D02B001F97BF /* libsfml-window.3.0.2.dylib */; };
		AB2591C32F57D02B001F97BF /* libsfml-window.3.0.2.dylib in Embed Libraries */ = {isa = PBXBuildFile; fileRef = AB2591BB2F57D02B001F97BF /* libsfml-window.3.0.2.dylib */; settings = {ATTRIBUTES = (CodeSignOnCopy, ); }; };
/* End PBXBuildFile section */

/* Begin PBXCopyFilesBuildPhase section */
		AB2591AB2F57CFDD001F97BF /* CopyFiles */ = {
			isa = PBXCopyFilesBuildPhase;
			buildActionMask = 2147483647;
			dstPath = /usr/share/man/man1/;
			dstSubfolderSpec = 0;
			files = (
			);
			runOnlyForDeploymentPostprocessing = 1;
		};
		AB2591C42F57D02B001F97BF /* Embed Libraries */ = {
			isa = PBXCopyFilesBuildPhase;
			buildActionMask = 2147483647;
			dstPath = "";
			dstSubfolderSpec = 10;
			files = (
				AB2591C12F57D02B001F97BF /* libsfml-graphics.3.0.2.dylib in Embed Libraries */,
				AB2591C32F57D02B001F97BF /* libsfml-window.3.0.2.dylib in Embed Libraries */,
				AB2591BF2F57D02B001F97BF /* libsfml-audio.3.0.2.dylib in Embed Libraries */,
				AB2591BD2F57D02B001F97BF /* libsfml-system.3.0.2.dylib in Embed Libraries */,
			);
			name = "Embed Libraries";
			runOnlyForDeploymentPostprocessing = 0;
		};
/* End PBXCopyFilesBuildPhase section */

/* Begin PBXFileReference section */
		AB2591AD2F57CFDD001F97BF /* Victoria */ = {isa = PBXFileReference; explicitFileType = "compiled.mach-o.executable"; includeInIndex = 0; path = Victoria; sourceTree = BUILT_PRODUCTS_DIR; };
		AB2591B82F57D02B001F97BF /* libsfml-system.3.0.2.dylib */ = {isa = PBXFileReference; lastKnownFileType = "compiled.mach-o.dylib"; name = "libsfml-system.3.0.2.dylib"; path = "../../../../../opt/homebrew/Cellar/sfml/3.0.2/lib/libsfml-system.3.0.2.dylib"; sourceTree = "<group>"; };
		AB2591B92F57D02B001F97BF /* libsfml-audio.3.0.2.dylib */ = {isa = PBXFileReference; lastKnownFileType = "compiled.mach-o.dylib"; name = "libsfml-audio.3.0.2.dylib"; path = "../../../../../opt/homebrew/Cellar/sfml/3.0.2/lib/libsfml-audio.3.0.2.dylib"; sourceTree = "<group>"; };
		AB2591BA2F57D02B001F97BF /* libsfml-graphics.3.0.2.dylib */ = {isa = PBXFileReference; lastKnownFileType = "compiled.mach-o.dylib"; name = "libsfml-graphics.3.0.2.dylib"; path = "../../../../../opt/homebrew/Cellar/sfml/3.0.2/lib/libsfml-graphics.3.0.2.dylib"; sourceTree = "<group>"; };
		AB2591BB2F57D02B001F97BF /* libsfml-window.3.0.2.dylib */ = {isa = PBXFileReference; lastKnownFileType = "compiled.mach-o.dylib"; name = "libsfml-window.3.0.2.dylib"; path = "../../../../../opt/homebrew/Cellar/sfml/3.0.2/lib/libsfml-window.3.0.2.dylib"; sourceTree = "<group>"; };
/* End PBXFileReference section */

/* Begin PBXFileSystemSynchronizedRootGroup section */
		AB2591AF2F57CFDD001F97BF /* Victoria */ = {
			isa = PBXFileSystemSynchronizedRootGroup;
			path = Victoria;
			sourceTree = "<group>";
		};
/* End PBXFileSystemSynchronizedRootGroup section */

/* Begin PBXFrameworksBuildPhase section */
		AB2591AA2F57CFDD001F97BF /* Frameworks */ = {
			isa = PBXFrameworksBuildPhase;
			buildActionMask = 2147483647;
			files = (
				AB2591C02F57D02B001F97BF /* libsfml-graphics.3.0.2.dylib in Frameworks */,
				AB2591C22F57D02B001F97BF /* libsfml-window.3.0.2.dylib in Frameworks */,
				AB2591BE2F57D02B001F97BF /* libsfml-audio.3.0.2.dylib in Frameworks */,
				AB2591BC2F57D02B001F97BF /* libsfml-system.3.0.2.dylib in Frameworks */,
			);
			runOnlyForDeploymentPostprocessing = 0;
		};
/* End PBXFrameworksBuildPhase section */

/* Begin PBXGroup section */
		AB2591A42F57CFDD001F97BF = {
			isa = PBXGroup;
			children = (
				AB2591AF2F57CFDD001F97BF /* Victoria */,
				AB2591B72F57D02B001F97BF /* Frameworks */,
				AB2591AE2F57CFDD001F97BF /* Products */,
			);
			sourceTree = "<group>";
		};
		AB2591AE2F57CFDD001F97BF /* Products */ = {
			isa = PBXGroup;
			children = (
				AB2591AD2F57CFDD001F97BF /* Victoria */,
			);
			name = Products;
			sourceTree = "<group>";
		};
		AB2591B72F57D02B001F97BF /* Frameworks */ = {
			isa = PBXGroup;
			children = (
				AB2591B92F57D02B001F97BF /* libsfml-audio.3.0.2.dylib */,
				AB2591BA2F57D02B001F97BF /* libsfml-graphics.3.0.2.dylib */,
				AB2591B82F57D02B001F97BF /* libsfml-system.3.0.2.dylib */,
				AB2591BB2F57D02B001F97BF /* libsfml-window.3.0.2.dylib */,
			);
			name = Frameworks;
			sourceTree = "<group>";
		};
/* End PBXGroup section */

/* Begin PBXNativeTarget section */
		AB2591AC2F57CFDD001F97BF /* Victoria */ = {
			isa = PBXNativeTarget;
			buildConfigurationList = AB2591B42F57CFDD001F97BF /* Build configuration list for PBXNativeTarget "Victoria" */;
			buildPhases = (
				AB2591A92F57CFDD001F97BF /* Sources */,
				AB2591AA2F57CFDD001F97BF /* Frameworks */,
				AB2591AB2F57CFDD001F97BF /* CopyFiles */,
				AB2591C42F57D02B001F97BF /* Embed Libraries */,
			);
			buildRules = (
			);
			dependencies = (
			);
			fileSystemSynchronizedGroups = (
				AB2591AF2F57CFDD001F97BF /* Victoria */,
			);
			name = Victoria;
			packageProductDependencies = (
			);
			productName = Victoria;
			productReference = AB2591AD2F57CFDD001F97BF /* Victoria */;
			productType = "com.apple.product-type.tool";
		};
/* End PBXNativeTarget section */

/* Begin PBXProject section */
		AB2591A52F57CFDD001F97BF /* Project object */ = {
			isa = PBXProject;
			attributes = {
				BuildIndependentTargetsInParallel = 1;
				LastUpgradeCheck = 2630;
				TargetAttributes = {
					AB2591AC2F57CFDD001F97BF = {
						CreatedOnToolsVersion = 26.3;
						LastSwiftMigration = 2630;
					};
				};
			};
			buildConfigurationList = AB2591A82F57CFDD001F97BF /* Build configuration list for PBXProject "Victoria" */;
			developmentRegion = en;
			hasScannedForEncodings = 0;
			knownRegions = (
				en,
				Base,
			);
			mainGroup = AB2591A42F57CFDD001F97BF;
			minimizedProjectReferenceProxies = 1;
			preferredProjectObjectVersion = 77;
			productRefGroup = AB2591AE2F57CFDD001F97BF /* Products */;
			projectDirPath = "";
			projectRoot = "";
			targets = (
				AB2591AC2F57CFDD001F97BF /* Victoria */,
			);
		};
/* End PBXProject section */

/* Begin PBXSourcesBuildPhase section */
		AB2591A92F57CFDD001F97BF /* Sources */ = {
			isa = PBXSourcesBuildPhase;
			buildActionMask = 2147483647;
			files = (
			);
			runOnlyForDeploymentPostprocessing = 0;
		};
/* End PBXSourcesBuildPhase section */

/* Begin XCBuildConfiguration section */
		AB2591B22F57CFDD001F97BF /* Debug */ = {
			isa = XCBuildConfiguration;
			buildSettings = {
				ALWAYS_SEARCH_USER_PATHS = NO;
				ASSETCATALOG_COMPILER_GENERATE_SWIFT_ASSET_SYMBOL_EXTENSIONS = YES;
				CLANG_ANALYZER_NONNULL = YES;
				CLANG_ANALYZER_NUMBER_OBJECT_CONVERSION = YES_AGGRESSIVE;
				CLANG_CXX_LANGUAGE_STANDARD = "gnu++20";
				CLANG_ENABLE_MODULES = YES;
				CLANG_ENABLE_OBJC_ARC = YES;
				CLANG_ENABLE_OBJC_WEAK = YES;
				CLANG_WARN_BLOCK_CAPTURE_AUTORELEASING = YES;
				CLANG_WARN_BOOL_CONVERSION = YES;
				CLANG_WARN_COMMA = YES;
				CLANG_WARN_CONSTANT_CONVERSION = YES;
				CLANG_WARN_DEPRECATED_OBJC_IMPLEMENTATIONS = YES;
				CLANG_WARN_DIRECT_OBJC_ISA_USAGE = YES_ERROR;
				CLANG_WARN_DOCUMENTATION_COMMENTS = YES;
				CLANG_WARN_EMPTY_BODY = YES;
				CLANG_WARN_ENUM_CONVERSION = YES;
				CLANG_WARN_INFINITE_RECURSION = YES;
				CLANG_WARN_INT_CONVERSION = YES;
				CLANG_WARN_NON_LITERAL_NULL_CONVERSION = YES;
				CLANG_WARN_OBJC_IMPLICIT_RETAIN_SELF = YES;
				CLANG_WARN_OBJC_LITERAL_CONVERSION = YES;
				CLANG_WARN_OBJC_ROOT_CLASS = YES_ERROR;
				CLANG_WARN_QUOTED_INCLUDE_IN_FRAMEWORK_HEADER = YES;
				CLANG_WARN_RANGE_LOOP_ANALYSIS = YES;
				CLANG_WARN_STRICT_PROTOTYPES = YES;
				CLANG_WARN_SUSPICIOUS_MOVE = YES;
				CLANG_WARN_UNGUARDED_AVAILABILITY = YES_AGGRESSIVE;
				CLANG_WARN_UNREACHABLE_CODE = YES;
				CLANG_WARN__DUPLICATE_METHOD_MATCH = YES;
				COPY_PHASE_STRIP = NO;
				DEBUG_INFORMATION_FORMAT = dwarf;
				ENABLE_STRICT_OBJC_MSGSEND = YES;
				ENABLE_TESTABILITY = YES;
				ENABLE_USER_SCRIPT_SANDBOXING = YES;
				GCC_C_LANGUAGE_STANDARD = gnu17;
				GCC_DYNAMIC_NO_PIC = NO;
				GCC_NO_COMMON_BLOCKS = YES;
				GCC_OPTIMIZATION_LEVEL = 0;
				GCC_PREPROCESSOR_DEFINITIONS = (
					"DEBUG=1",
					"$(inherited)",
				);
				GCC_WARN_64_TO_32_BIT_CONVERSION = YES;
				GCC_WARN_ABOUT_RETURN_TYPE = YES_ERROR;
				GCC_WARN_UNDECLARED_SELECTOR = YES;
				GCC_WARN_UNINITIALIZED_AUTOS = YES_AGGRESSIVE;
				GCC_WARN_UNUSED_FUNCTION = YES;
				GCC_WARN_UNUSED_VARIABLE = YES;
				LOCALIZATION_PREFERS_STRING_CATALOGS = YES;
				MACOSX_DEPLOYMENT_TARGET = 26.2;
				MTL_ENABLE_DEBUG_INFO = INCLUDE_SOURCE;
				MTL_FAST_MATH = YES;
				ONLY_ACTIVE_ARCH = YES;
				SDKROOT = macosx;
			};
			name = Debug;
		};
		AB2591B32F57CFDD001F97BF /* Release */ = {
			isa = XCBuildConfiguration;
			buildSettings = {
				ALWAYS_SEARCH_USER_PATHS = NO;
				ASSETCATALOG_COMPILER_GENERATE_SWIFT_ASSET_SYMBOL_EXTENSIONS = YES;
				CLANG_ANALYZER_NONNULL = YES;
				CLANG_ANALYZER_NUMBER_OBJECT_CONVERSION = YES_AGGRESSIVE;
				CLANG_CXX_LANGUAGE_STANDARD = "gnu++20";
				CLANG_ENABLE_MODULES = YES;
				CLANG_ENABLE_OBJC_ARC = YES;
				CLANG_ENABLE_OBJC_WEAK = YES;
				CLANG_WARN_BLOCK_CAPTURE_AUTORELEASING = YES;
				CLANG_WARN_BOOL_CONVERSION = YES;
				CLANG_WARN_COMMA = YES;
				CLANG_WARN_CONSTANT_CONVERSION = YES;
				CLANG_WARN_DEPRECATED_OBJC_IMPLEMENTATIONS = YES;
				CLANG_WARN_DIRECT_OBJC_ISA_USAGE = YES_ERROR;
				CLANG_WARN_DOCUMENTATION_COMMENTS = YES;
				CLANG_WARN_EMPTY_BODY = YES;
				CLANG_WARN_ENUM_CONVERSION = YES;
				CLANG_WARN_INFINITE_RECURSION = YES;
				CLANG_WARN_INT_CONVERSION = YES;
				CLANG_WARN_NON_LITERAL_NULL_CONVERSION = YES;
				CLANG_WARN_OBJC_IMPLICIT_RETAIN_SELF = YES;
				CLANG_WARN_OBJC_LITERAL_CONVERSION = YES;
				CLANG_WARN_OBJC_ROOT_CLASS = YES_ERROR;
				CLANG_WARN_QUOTED_INCLUDE_IN_FRAMEWORK_HEADER = YES;
				CLANG_WARN_RANGE_LOOP_ANALYSIS = YES;
				CLANG_WARN_STRICT_PROTOTYPES = YES;
				CLANG_WARN_SUSPICIOUS_MOVE = YES;
				CLANG_WARN_UNGUARDED_AVAILABILITY = YES_AGGRESSIVE;
				CLANG_WARN_UNREACHABLE_CODE = YES;
				CLANG_WARN__DUPLICATE_METHOD_MATCH = YES;
				COPY_PHASE_STRIP = NO;
				DEBUG_INFORMATION_FORMAT = "dwarf-with-dsym";
				ENABLE_NS_ASSERTIONS = NO;
				ENABLE_STRICT_OBJC_MSGSEND = YES;
				ENABLE_USER_SCRIPT_SANDBOXING = YES;
				GCC_C_LANGUAGE_STANDARD = gnu17;
				GCC_NO_COMMON_BLOCKS = YES;
				GCC_WARN_64_TO_32_BIT_CONVERSION = YES;
				GCC_WARN_ABOUT_RETURN_TYPE = YES_ERROR;
				GCC_WARN_UNDECLARED_SELECTOR = YES;
				GCC_WARN_UNINITIALIZED_AUTOS = YES_AGGRESSIVE;
				GCC_WARN_UNUSED_FUNCTION = YES;
				GCC_WARN_UNUSED_VARIABLE = YES;
				LOCALIZATION_PREFERS_STRING_CATALOGS = YES;
				MACOSX_DEPLOYMENT_TARGET = 26.2;
				MTL_ENABLE_DEBUG_INFO = NO;
				MTL_FAST_MATH = YES;
				SDKROOT = macosx;
			};
			name = Release;
		};
		AB2591B52F57CFDD001F97BF /* Debug */ = {
			isa = XCBuildConfiguration;
			buildSettings = {
				CLANG_ENABLE_MODULES = YES;
				CODE_SIGN_STYLE = Automatic;
				LIBRARY_SEARCH_PATHS = (
					"$(inherited)",
					/opt/homebrew/Cellar/sfml/3.0.2/lib,
				);
				PRODUCT_NAME = "$(TARGET_NAME)";
				SWIFT_OPTIMIZATION_LEVEL = "-Onone";
				SWIFT_VERSION = 6.0;
				SYSTEM_HEADER_SEARCH_PATHS = /opt/homebrew/include/;
			};
			name = Debug;
		};
		AB2591B62F57CFDD001F97BF /* Release */ = {
			isa = XCBuildConfiguration;
			buildSettings = {
				CLANG_ENABLE_MODULES = YES;
				CODE_SIGN_STYLE = Automatic;
				LIBRARY_SEARCH_PATHS = (
					"$(inherited)",
					/opt/homebrew/Cellar/sfml/3.0.2/lib,
				);
				PRODUCT_NAME = "$(TARGET_NAME)";
				SWIFT_VERSION = 6.0;
				SYSTEM_HEADER_SEARCH_PATHS = /opt/homebrew/include/;
			};
			name = Release;
		};
/* End XCBuildConfiguration section */

/* Begin XCConfigurationList section */
		AB2591A82F57CFDD001F97BF /* Build configuration list for PBXProject "Victoria" */ = {
			isa = XCConfigurationList;
			buildConfigurations = (
				AB2591B22F57CFDD001F97BF /* Debug */,
				AB2591B32F57CFDD001F97BF /* Release */,
			);
			defaultConfigurationIsVisible = 0;
			defaultConfigurationName = Release;
		};
		AB2591B42F57CFDD001F97BF /* Build configuration list for PBXNativeTarget "Victoria" */ = {
			isa = XCConfigurationList;
			buildConfigurations = (
				AB2591B52F57CFDD001F97BF /* Debug */,
				AB2591B62F57CFDD001F97BF /* Release */,
			);
			defaultConfigurationIsVisible = 0;
			defaultConfigurationName = Release;
		};
/* End XCConfigurationList section */
	};
	rootObject = AB2591A52F57CFDD001F97BF /* Project object */;
}
